
Microsoft Visual Studio Solution File, Format Version 12.00
# Visual Studio Version 17
VisualStudioVersion = 17.6.33712.159
MinimumVisualStudioVersion = 10.0.40219.1
Project("{FAE04EC0-301F-11D3-BF4B-00C04F79EFBC}") = "Prank", "Prank.csproj", "{354D1064-0382-429F-B8E4-116ABBEE7441}"
EndProject
Global
	GlobalSection(SolutionConfigurationPlatforms) = preSolution
		Debug|ARM64 = Debug|ARM64
		Debug|x64 = Debug|x64
		Debug|x86 = Debug|x86
		Release|ARM64 = Release|ARM64
		Release|x64 = Release|x64
		Release|x86 = Release|x86
	EndGlobalSection
	GlobalSection(ProjectConfigurationPlatforms) = postSolution
		{354D1064-0382-429F-B8E4-116ABBEE7441}.Debug|ARM64.ActiveCfg = Debug|ARM64
		{354D1064-0382-429F-B8E4-116ABBEE7441}.Debug|ARM64.Build.0 = Debug|ARM64
		{354D1064-0382-429F-B8E4-116ABBEE7441}.Debug|ARM64.Deploy.0 = Debug|ARM64
		{354D1064-0382-429F-B8E4-116ABBEE7441}.Debug|x64.ActiveCfg = Debug|x64
		{354D1064-0382-429F-B8E4-116ABBEE7441}.Debug|x64.Build.0 = Debug|x64
		{354D1064-0382-429F-B8E4-116ABBEE7441}.Debug|x64.Deploy.0 = Debug|x64
		{354D1064-0382-429F-B8E4-116ABBEE7441}.Debug|x86.ActiveCfg = Debug|x86
		{354D1064-0382-429F-B8E4-116ABBEE7441}.Debug|x86.Build.0 = Debug|x86
		{354D1064-0382-429F-B8E4-116ABBEE7441}.Debug|x86.Deploy.0 = Debug|x86
		{354D1064-0382-429F-B8E4-116ABBEE7441}.Release|ARM64.ActiveCfg = Release|ARM64
		{354D1064-0382-429F-B8E4-116ABBEE7441}.Release|ARM64.Build.0 = Release|ARM64
		{354D1064-0382-429F-B8E4-116ABBEE7441}.Release|ARM64.Deploy.0 = Release|ARM64
		{354D1064-0382-429F-B8E4-116ABBEE7441}.Release|x64.ActiveCfg = Release|x64
		{354D1064-0382-429F-B8E4-116ABBEE7441}.Release|x64.Build.0 = Release|x64
		{354D1064-0382-429F-B8E4-116ABBEE7441}.Release|x64.Deploy.0 = Release|x64
		{354D1064-0382-429F-B8E4-116ABBEE7441}.Release|x86.ActiveCfg = Release|x86
		{354D1064-0382-429F-B8E4-116ABBEE7441}.Release|x86.Build.0 = Release|x86
		{354D1064-0382-429F-B8E4-116ABBEE7441}.Release|x86.Deploy.0 = Release|x86
	EndGlobalSection
	GlobalSection(SolutionProperties) = preSolution
		HideSolutionNode = FALSE
	EndGlobalSection
	GlobalSection(ExtensibilityGlobals) = postSolution
		SolutionGuid = {73C39A82-9DF8-4BD0-B07D-6484588C68D0}
	EndGlobalSection
EndGlobal
